{
    "_readme": [
        "This file locks the dependencies of your project to a known state",
        "Read more about it at http://getcomposer.org/doc/01-basic-usage.md#composer-lock-the-lock-file"
    ],
    "hash": "4bff0f7e650c9529e2d0c82be21bdaca",
    "packages": [
        {
            "name": "illuminate/container",
            "version": "v4.1.18",
            "target-dir": "Illuminate/Container",
            "source": {
                "type": "git",
                "url": "https://github.com/illuminate/container.git",
                "reference": "5bc3b7e3227bf6933d382da3cb4631ca1ca63368"
            },
            "dist": {
                "type": "zip",
                "url": "https://api.github.com/repos/illuminate/container/zipball/5bc3b7e3227bf6933d382da3cb4631ca1ca63368",
                "reference": "5bc3b7e3227bf6933d382da3cb4631ca1ca63368",
                "shasum": ""
            },
            "require": {
                "php": ">=5.3.0"
            },
            "require-dev": {
                "phpunit/phpunit": "3.7.*"
            },
            "type": "library",
            "extra": {
                "branch-alias": {
                    "dev-master": "4.1-dev"
                }
            },
            "autoload": {
                "psr-0": {
                    "Illuminate\\Container": ""
                }
            },
            "notification-url": "https://packagist.org/downloads/",
            "license": [
                "MIT"
            ],
            "authors": [
                {
                    "name": "Taylor Otwell",
                    "email": "taylorotwell@gmail.com",
                    "homepage": "https://github.com/taylorotwell",
                    "role": "Developer"
                }
            ],
            "time": "2014-01-17 01:48:27"
        },
        {
            "name": "illuminate/database",
            "version": "v4.1.18",
            "target-dir": "Illuminate/Database",
            "source": {
                "type": "git",
                "url": "https://github.com/illuminate/database.git",
                "reference": "3fe24f17a1b3ea77a7e337a38607c1f9737d1f84"
            },
            "dist": {
                "type": "zip",
                "url": "https://api.github.com/repos/illuminate/database/zipball/3fe24f17a1b3ea77a7e337a38607c1f9737d1f84",
                "reference": "3fe24f17a1b3ea77a7e337a38607c1f9737d1f84",
                "shasum": ""
            },
            "require": {
                "illuminate/container": "4.1.x",
                "illuminate/events": "4.1.x",
                "illuminate/support": "4.1.x",
                "nesbot/carbon": "1.*",
                "php": ">=5.3.0"
            },
            "require-dev": {
                "illuminate/cache": "4.1.x",
                "illuminate/console": "4.1.x",
                "illuminate/filesystem": "4.1.x",
                "illuminate/pagination": "4.1.x",
                "illuminate/support": "4.1.x",
                "mockery/mockery": "0.7.2",
                "phpunit/phpunit": "3.7.*"
            },
            "type": "library",
            "extra": {
                "branch-alias": {
                    "dev-master": "4.1-dev"
                }
            },
            "autoload": {
                "psr-0": {
                    "Illuminate\\Database": ""
                }
            },
            "notification-url": "https://packagist.org/downloads/",
            "license": [
                "MIT"
            ],
            "authors": [
                {
                    "name": "Taylor Otwell",
                    "email": "taylorotwell@gmail.com",
                    "homepage": "https://github.com/taylorotwell",
                    "role": "Developer"
                }
            ],
            "keywords": [
                "database",
                "laravel",
                "orm",
                "sql"
            ],
            "time": "2014-01-17 03:59:34"
        },
        {
            "name": "illuminate/events",
            "version": "v4.1.18",
            "target-dir": "Illuminate/Events",
            "source": {
                "type": "git",
                "url": "https://github.com/illuminate/events.git",
                "reference": "15a9e08d01db41001c35c389d5935254ff35c5c3"
            },
            "dist": {
                "type": "zip",
                "url": "https://api.github.com/repos/illuminate/events/zipball/15a9e08d01db41001c35c389d5935254ff35c5c3",
                "reference": "15a9e08d01db41001c35c389d5935254ff35c5c3",
                "shasum": ""
            },
            "require": {
                "illuminate/container": "4.1.x",
                "illuminate/support": "4.1.x",
                "php": ">=5.3.0"
            },
            "require-dev": {
                "mockery/mockery": "0.7.2",
                "phpunit/phpunit": "3.7.*"
            },
            "type": "library",
            "extra": {
                "branch-alias": {
                    "dev-master": "4.1-dev"
                }
            },
            "autoload": {
                "psr-0": {
                    "Illuminate\\Events": ""
                }
            },
            "notification-url": "https://packagist.org/downloads/",
            "license": [
                "MIT"
            ],
            "authors": [
                {
                    "name": "Taylor Otwell",
                    "email": "taylorotwell@gmail.com",
                    "homepage": "https://github.com/taylorotwell",
                    "role": "Developer"
                }
            ],
            "time": "2014-01-16 23:13:25"
        },
        {
            "name": "illuminate/support",
            "version": "v4.1.18",
            "target-dir": "Illuminate/Support",
            "source": {
                "type": "git",
                "url": "https://github.com/illuminate/support.git",
                "reference": "339f0bb476eaae75e5e1d39d810fe0cf7306d437"
            },
            "dist": {
                "type": "zip",
                "url": "https://api.github.com/repos/illuminate/support/zipball/339f0bb476eaae75e5e1d39d810fe0cf7306d437",
                "reference": "339f0bb476eaae75e5e1d39d810fe0cf7306d437",
                "shasum": ""
            },
            "require": {
                "php": ">=5.3.0"
            },
            "require-dev": {
                "mockery/mockery": "0.7.2",
                "patchwork/utf8": "1.1.*",
                "phpunit/phpunit": "3.7.*"
            },
            "type": "library",
            "extra": {
                "branch-alias": {
                    "dev-master": "4.1-dev"
                }
            },
            "autoload": {
                "psr-0": {
                    "Illuminate\\Support": ""
                },
                "files": [
                    "Illuminate/Support/helpers.php"
                ]
            },
            "notification-url": "https://packagist.org/downloads/",
            "license": [
                "MIT"
            ],
            "authors": [
                {
                    "name": "Taylor Otwell",
                    "email": "taylorotwell@gmail.com",
                    "homepage": "https://github.com/taylorotwell",
                    "role": "Developer"
                }
            ],
            "time": "2014-01-17 03:03:07"
        },
        {
            "name": "nesbot/carbon",
            "version": "1.8.0",
            "source": {
                "type": "git",
                "url": "https://github.com/briannesbitt/Carbon.git",
                "reference": "21c4cb4301969c7d85aee8a62eefdfa881413af0"
            },
            "dist": {
                "type": "zip",
                "url": "https://api.github.com/repos/briannesbitt/Carbon/zipball/21c4cb4301969c7d85aee8a62eefdfa881413af0",
                "reference": "21c4cb4301969c7d85aee8a62eefdfa881413af0",
                "shasum": ""
            },
            "require": {
                "php": ">=5.3.0"
            },
            "require-dev": {
                "phpunit/phpunit": "3.7.*"
            },
            "type": "library",
            "autoload": {
                "psr-0": {
                    "Carbon": "src"
                }
            },
            "notification-url": "https://packagist.org/downloads/",
            "license": [
                "MIT"
            ],
            "authors": [
                {
                    "name": "Brian Nesbitt",
                    "email": "brian@nesbot.com",
                    "homepage": "http://nesbot.com"
                }
            ],
            "description": "A simple API extension for DateTime.",
            "homepage": "https://github.com/briannesbitt/Carbon",
            "keywords": [
                "date",
                "datetime",
                "time"
            ],
            "time": "2014-01-07 05:10:44"
        },
        {
            "name": "slim/slim",
            "version": "2.4.0",
            "source": {
                "type": "git",
                "url": "https://github.com/codeguy/Slim.git",
                "reference": "ff7d7148848fa4f45712984d7b91ac3cbced586b"
            },
            "dist": {
                "type": "zip",
                "url": "https://api.github.com/repos/codeguy/Slim/zipball/ff7d7148848fa4f45712984d7b91ac3cbced586b",
                "reference": "ff7d7148848fa4f45712984d7b91ac3cbced586b",
                "shasum": ""
            },
            "require": {
                "php": ">=5.3.0"
            },
            "suggest": {
                "ext-mcrypt": "Required for HTTP cookie encryption"
            },
            "type": "library",
            "autoload": {
                "psr-0": {
                    "Slim": "."
                }
            },
            "notification-url": "https://packagist.org/downloads/",
            "license": [
                "MIT"
            ],
            "authors": [
                {
                    "name": "Josh Lockhart",
                    "email": "info@joshlockhart.com",
                    "homepage": "http://www.joshlockhart.com/"
                }
            ],
            "description": "Slim Framework, a PHP micro framework",
            "homepage": "http://github.com/codeguy/Slim",
            "keywords": [
                "microframework",
                "rest",
                "router"
            ],
            "time": "2013-11-29 20:33:36"
        }
    ],
    "packages-dev": [

    ],
    "aliases": [

    ],
    "minimum-stability": "stable",
    "stability-flags": [

    ],
    "platform": [

    ],
    "platform-dev": [

    ]
}
